
Microsoft Visual Studio Solution File, Format Version 12.00
# Visual Studio Version 17
VisualStudioVersion = 17.10.35013.160
MinimumVisualStudioVersion = 10.0.40219.1
Project("{FAE04EC0-301F-11D3-BF4B-00C04F79EFBC}") = "ConsoleProJect", "ConsoleProJect.csproj", "{3EA60483-EEB0-4D04-82AC-9C293EF4963F}"
EndProject
Global
	GlobalSection(SolutionConfigurationPlatforms) = preSolution
		Debug|Any CPU = Debug|Any CPU
		Release|Any CPU = Release|Any CPU
	EndGlobalSection
	GlobalSection(ProjectConfigurationPlatforms) = postSolution
		{3EA60483-EEB0-4D04-82AC-9C293EF4963F}.Debug|Any CPU.ActiveCfg = Debug|Any CPU
		{3EA60483-EEB0-4D04-82AC-9C293EF4963F}.Debug|Any CPU.Build.0 = Debug|Any CPU
		{3EA60483-EEB0-4D04-82AC-9C293EF4963F}.Release|Any CPU.ActiveCfg = Release|Any CPU
		{3EA60483-EEB0-4D04-82AC-9C293EF4963F}.Release|Any CPU.Build.0 = Release|Any CPU
	EndGlobalSection
	GlobalSection(SolutionProperties) = preSolution
		HideSolutionNode = FALSE
	EndGlobalSection
	GlobalSection(ExtensibilityGlobals) = postSolution
		SolutionGuid = {4E631710-50A4-4BAE-A79A-76E5A55443F4}
	EndGlobalSection
EndGlobal
